// !$*UTF8*$!
{
	archiveVersion = 1;
	classes = {
	};
	objectVersion = 50;
	objects = {

/* Begin PBXBuildFile section */
		A64F45CB25E4E1D200A25654 /* AppDelegate.swift in Sources */ = {isa = PBXBuildFile; fileRef = A64F45CA25E4E1D200A25654 /* AppDelegate.swift */; };
		A64F45CD25E4E1D200A25654 /* SceneDelegate.swift in Sources */ = {isa = PBXBuildFile; fileRef = A64F45CC25E4E1D200A25654 /* SceneDelegate.swift */; };
		A64F45CF25E4E1D200A25654 /* ViewController.swift in Sources */ = {isa = PBXBuildFile; fileRef = A64F45CE25E4E1D200A25654 /* ViewController.swift */; };
		A64F45D225E4E1D200A25654 /* Main.storyboard in Resources */ = {isa = PBXBuildFile; fileRef = A64F45D025E4E1D200A25654 /* Main.storyboard */; };
		A64F45D425E4E1D500A25654 /* Assets.xcassets in Resources */ = {isa = PBXBuildFile; fileRef = A64F45D325E4E1D500A25654 /* Assets.xcassets */; };
		A64F45D725E4E1D500A25654 /* LaunchScreen.storyboard in Resources */ = {isa = PBXBuildFile; fileRef = A64F45D525E4E1D500A25654 /* LaunchScreen.storyboard */; };
/* End PBXBuildFile section */

/* Begin PBXFileReference section */
		A64F45C725E4E1D200A25654 /* Let's Read.app */ = {isa = PBXFileReference; explicitFileType = wrapper.application; includeInIndex = 0; path = "Let's Read.app"; sourceTree = BUILT_PRODUCTS_DIR; };
		A64F45CA25E4E1D200A25654 /* AppDelegate.swift */ = {isa = PBXFileReference; lastKnownFileType = sourcecode.swift; path = AppDelegate.swift; sourceTree = "<group>"; };
		A64F45CC25E4E1D200A25654 /* SceneDelegate.swift */ = {isa = PBXFileReference; lastKnownFileType = sourcecode.swift; path = SceneDelegate.swift; sourceTree = "<group>"; };
		A64F45CE25E4E1D200A25654 /* ViewController.swift */ = {isa = PBXFileReference; lastKnownFileType = sourcecode.swift; path = ViewController.swift; sourceTree = "<group>"; };
		A64F45D125E4E1D200A25654 /* Base */ = {isa = PBXFileReference; lastKnownFileType = file.storyboard; name = Base; path = Base.lproj/Main.storyboard; sourceTree = "<group>"; };
		A64F45D325E4E1D500A25654 /* Assets.xcassets */ = {isa = PBXFileReference; lastKnownFileType = folder.assetcatalog; path = Assets.xcassets; sourceTree = "<group>"; };
		A64F45D625E4E1D500A25654 /* Base */ = {isa = PBXFileReference; lastKnownFileType = file.storyboard; name = Base; path = Base.lproj/LaunchScreen.storyboard; sourceTree = "<group>"; };
		A64F45D825E4E1D500A25654 /* Info.plist */ = {isa = PBXFileReference; lastKnownFileType = text.plist.xml; path = Info.plist; sourceTree = "<group>"; };
/* End PBXFileReference section */

/* Begin PBXFrameworksBuildPhase section */
		A64F45C425E4E1D200A25654 /* Frameworks */ = {
			isa = PBXFrameworksBuildPhase;
			buildActionMask = 2147483647;
			files = (
			);
			runOnlyForDeploymentPostprocessing = 0;
		};
/* End PBXFrameworksBuildPhase section */

/* Begin PBXGroup section */
		A64F45BE25E4E1D200A25654 = {
			isa = PBXGroup;
			children = (
				A64F45C925E4E1D200A25654 /* Let's Read */,
				A64F45C825E4E1D200A25654 /* Products */,
			);
			sourceTree = "<group>";
		};
		A64F45C825E4E1D200A25654 /* Products */ = {
			isa = PBXGroup;
			children = (
				A64F45C725E4E1D200A25654 /* Let's Read.app */,
			);
			name = Products;
			sourceTree = "<group>";
		};
		A64F45C925E4E1D200A25654 /* Let's Read */ = {
			isa = PBXGroup;
			children = (
				A64F45CA25E4E1D200A25654 /* AppDelegate.swift */,
				A64F45CC25E4E1D200A25654 /* SceneDelegate.swift */,
				A64F45CE25E4E1D200A25654 /* ViewController.swift */,
				A64F45D025E4E1D200A25654 /* Main.storyboard */,
				A64F45D325E4E1D500A25654 /* Assets.xcassets */,
				A64F45D525E4E1D500A25654 /* LaunchScreen.storyboard */,
				A64F45D825E4E1D500A25654 /* Info.plist */,
			);
			path = "Let's Read";
			sourceTree = "<group>";
		};
/* End PBXGroup section */

/* Begin PBXNativeTarget section */
		A64F45C625E4E1D200A25654 /* Let's Read */ = {
			isa = PBXNativeTarget;
			buildConfigurationList = A64F45DB25E4E1D500A25654 /* Build configuration list for PBXNativeTarget "Let's Read" */;
			buildPhases = (
				A64F45C325E4E1D200A25654 /* Sources */,
				A64F45C425E4E1D200A25654 /* Frameworks */,
				A64F45C525E4E1D200A25654 /* Resources */,
			);
			buildRules = (
			);
			dependencies = (
			);
			name = "Let's Read";
			productName = "Let's Read";
			productReference = A64F45C725E4E1D200A25654 /* Let's Read.app */;
			productType = "com.apple.product-type.application";
		};
/* End PBXNativeTarget section */

/* Begin PBXProject section */
		A64F45BF25E4E1D200A25654 /* Project object */ = {
			isa = PBXProject;
			attributes = {
				LastSwiftUpdateCheck = 1130;
				LastUpgradeCheck = 1130;
				ORGANIZATIONNAME = "mac air";
				TargetAttributes = {
					A64F45C625E4E1D200A25654 = {
						CreatedOnToolsVersion = 11.3.1;
					};
				};
			};
			buildConfigurationList = A64F45C225E4E1D200A25654 /* Build configuration list for PBXProject "Let's Read" */;
			compatibilityVersion = "Xcode 9.3";
			developmentRegion = en;
			hasScannedForEncodings = 0;
			knownRegions = (
				en,
				Base,
			);
			mainGroup = A64F45BE25E4E1D200A25654;
			productRefGroup = A64F45C825E4E1D200A25654 /* Products */;
			projectDirPath = "";
			projectRoot = "";
			targets = (
				A64F45C625E4E1D200A25654 /* Let's Read */,
			);
		};
/* End PBXProject section */

/* Begin PBXResourcesBuildPhase section */
		A64F45C525E4E1D200A25654 /* Resources */ = {
			isa = PBXResourcesBuildPhase;
			buildActionMask = 2147483647;
			files = (
				A64F45D725E4E1D500A25654 /* LaunchScreen.storyboard in Resources */,
				A64F45D425E4E1D500A25654 /* Assets.xcassets in Resources */,
				A64F45D225E4E1D200A25654 /* Main.storyboard in Resources */,
			);
			runOnlyForDeploymentPostprocessing = 0;
		};
/* End PBXResourcesBuildPhase section */

/* Begin PBXSourcesBuildPhase section */
		A64F45C325E4E1D200A25654 /* Sources */ = {
			isa = PBXSourcesBuildPhase;
			buildActionMask = 2147483647;
			files = (
				A64F45CF25E4E1D200A25654 /* ViewController.swift in Sources */,
				A64F45CB25E4E1D200A25654 /* AppDelegate.swift in Sources */,
				A64F45CD25E4E1D200A25654 /* SceneDelegate.swift in Sources */,
			);
			runOnlyForDeploymentPostprocessing = 0;
		};
/* End PBXSourcesBuildPhase section */

/* Begin PBXVariantGroup section */
		A64F45D025E4E1D200A25654 /* Main.storyboard */ = {
			isa = PBXVariantGroup;
			children = (
				A64F45D125E4E1D200A25654 /* Base */,
			);
			name = Main.storyboard;
			sourceTree = "<group>";
		};
		A64F45D525E4E1D500A25654 /* LaunchScreen.storyboard */ = {
			isa = PBXVariantGroup;
			children = (
				A64F45D625E4E1D500A25654 /* Base */,
			);
			name = LaunchScreen.storyboard;
			sourceTree = "<group>";
		};
/* End PBXVariantGroup section */

/* Begin XCBuildConfiguration section */
		A64F45D925E4E1D500A25654 /* Debug */ = {
			isa = XCBuildConfiguration;
			buildSettings = {
				ALWAYS_SEARCH_USER_PATHS = NO;
				CLANG_ANALYZER_NONNULL = YES;
				CLANG_ANALYZER_NUMBER_OBJECT_CONVERSION = YES_AGGRESSIVE;
				CLANG_CXX_LANGUAGE_STANDARD = "gnu++14";
				CLANG_CXX_LIBRARY = "libc++";
				CLANG_ENABLE_MODULES = YES;
				CLANG_ENABLE_OBJC_ARC = YES;
				CLANG_ENABLE_OBJC_WEAK = YES;
				CLANG_WARN_BLOCK_CAPTURE_AUTORELEASING = YES;
				CLANG_WARN_BOOL_CONVERSION = YES;
				CLANG_WARN_COMMA = YES;
				CLANG_WARN_CONSTANT_CONVERSION = YES;
				CLANG_WARN_DEPRECATED_OBJC_IMPLEMENTATIONS = YES;
				CLANG_WARN_DIRECT_OBJC_ISA_USAGE = YES_ERROR;
				CLANG_WARN_DOCUMENTATION_COMMENTS = YES;
				CLANG_WARN_EMPTY_BODY = YES;
				CLANG_WARN_ENUM_CONVERSION = YES;
				CLANG_WARN_INFINITE_RECURSION = YES;
				CLANG_WARN_INT_CONVERSION = YES;
				CLANG_WARN_NON_LITERAL_NULL_CONVERSION = YES;
				CLANG_WARN_OBJC_IMPLICIT_RETAIN_SELF = YES;
				CLANG_WARN_OBJC_LITERAL_CONVERSION = YES;
				CLANG_WARN_OBJC_ROOT_CLASS = YES_ERROR;
				CLANG_WARN_RANGE_LOOP_ANALYSIS = YES;
				CLANG_WARN_STRICT_PROTOTYPES = YES;
				CLANG_WARN_SUSPICIOUS_MOVE = YES;
				CLANG_WARN_UNGUARDED_AVAILABILITY = YES_AGGRESSIVE;
				CLANG_WARN_UNREACHABLE_CODE = YES;
				CLANG_WARN__DUPLICATE_METHOD_MATCH = YES;
				COPY_PHASE_STRIP = NO;
				DEBUG_INFORMATION_FORMAT = dwarf;
				ENABLE_STRICT_OBJC_MSGSEND = YES;
				ENABLE_TESTABILITY = YES;
				GCC_C_LANGUAGE_STANDARD = gnu11;
				GCC_DYNAMIC_NO_PIC = NO;
				GCC_NO_COMMON_BLOCKS = YES;
				GCC_OPTIMIZATION_LEVEL = 0;
				GCC_PREPROCESSOR_DEFINITIONS = (
					"DEBUG=1",
					"$(inherited)",
				);
				GCC_WARN_64_TO_32_BIT_CONVERSION = YES;
				GCC_WARN_ABOUT_RETURN_TYPE = YES_ERROR;
				GCC_WARN_UNDECLARED_SELECTOR = YES;
				GCC_WARN_UNINITIALIZED_AUTOS = YES_AGGRESSIVE;
				GCC_WARN_UNUSED_FUNCTION = YES;
				GCC_WARN_UNUSED_VARIABLE = YES;
				IPHONEOS_DEPLOYMENT_TARGET = 13.2;
				MTL_ENABLE_DEBUG_INFO = INCLUDE_SOURCE;
				MTL_FAST_MATH = YES;
				ONLY_ACTIVE_ARCH = YES;
				SDKROOT = iphoneos;
				SWIFT_ACTIVE_COMPILATION_CONDITIONS = DEBUG;
				SWIFT_OPTIMIZATION_LEVEL = "-Onone";
			};
			name = Debug;
		};
		A64F45DA25E4E1D500A25654 /* Release */ = {
			isa = XCBuildConfiguration;
			buildSettings = {
				ALWAYS_SEARCH_USER_PATHS = NO;
				CLANG_ANALYZER_NONNULL = YES;
				CLANG_ANALYZER_NUMBER_OBJECT_CONVERSION = YES_AGGRESSIVE;
				CLANG_CXX_LANGUAGE_STANDARD = "gnu++14";
				CLANG_CXX_LIBRARY = "libc++";
				CLANG_ENABLE_MODULES = YES;
				CLANG_ENABLE_OBJC_ARC = YES;
				CLANG_ENABLE_OBJC_WEAK = YES;
				CLANG_WARN_BLOCK_CAPTURE_AUTORELEASING = YES;
				CLANG_WARN_BOOL_CONVERSION = YES;
				CLANG_WARN_COMMA = YES;
				CLANG_WARN_CONSTANT_CONVERSION = YES;
				CLANG_WARN_DEPRECATED_OBJC_IMPLEMENTATIONS = YES;
				CLANG_WARN_DIRECT_OBJC_ISA_USAGE = YES_ERROR;
				CLANG_WARN_DOCUMENTATION_COMMENTS = YES;
				CLANG_WARN_EMPTY_BODY = YES;
				CLANG_WARN_ENUM_CONVERSION = YES;
				CLANG_WARN_INFINITE_RECURSION = YES;
				CLANG_WARN_INT_CONVERSION = YES;
				CLANG_WARN_NON_LITERAL_NULL_CONVERSION = YES;
				CLANG_WARN_OBJC_IMPLICIT_RETAIN_SELF = YES;
				CLANG_WARN_OBJC_LITERAL_CONVERSION = YES;
				CLANG_WARN_OBJC_ROOT_CLASS = YES_ERROR;
				CLANG_WARN_RANGE_LOOP_ANALYSIS = YES;
				CLANG_WARN_STRICT_PROTOTYPES = YES;
				CLANG_WARN_SUSPICIOUS_MOVE = YES;
				CLANG_WARN_UNGUARDED_AVAILABILITY = YES_AGGRESSIVE;
				CLANG_WARN_UNREACHABLE_CODE = YES;
				CLANG_WARN__DUPLICATE_METHOD_MATCH = YES;
				COPY_PHASE_STRIP = NO;
				DEBUG_INFORMATION_FORMAT = "dwarf-with-dsym";
				ENABLE_NS_ASSERTIONS = NO;
				ENABLE_STRICT_OBJC_MSGSEND = YES;
				GCC_C_LANGUAGE_STANDARD = gnu11;
				GCC_NO_COMMON_BLOCKS = YES;
				GCC_WARN_64_TO_32_BIT_CONVERSION = YES;
				GCC_WARN_ABOUT_RETURN_TYPE = YES_ERROR;
				GCC_WARN_UNDECLARED_SELECTOR = YES;
				GCC_WARN_UNINITIALIZED_AUTOS = YES_AGGRESSIVE;
				GCC_WARN_UNUSED_FUNCTION = YES;
				GCC_WARN_UNUSED_VARIABLE = YES;
				IPHONEOS_DEPLOYMENT_TARGET = 13.2;
				MTL_ENABLE_DEBUG_INFO = NO;
				MTL_FAST_MATH = YES;
				SDKROOT = iphoneos;
				SWIFT_COMPILATION_MODE = wholemodule;
				SWIFT_OPTIMIZATION_LEVEL = "-O";
				VALIDATE_PRODUCT = YES;
			};
			name = Release;
		};
		A64F45DC25E4E1D500A25654 /* Debug */ = {
			isa = XCBuildConfiguration;
			buildSettings = {
				ASSETCATALOG_COMPILER_APPICON_NAME = AppIcon;
				CODE_SIGN_STYLE = Automatic;
				INFOPLIST_FILE = "Let's Read/Info.plist";
				LD_RUNPATH_SEARCH_PATHS = (
					"$(inherited)",
					"@executable_path/Frameworks",
				);
				PRODUCT_BUNDLE_IDENTIFIER = "com.taima.net.Let-s-Read";
				PRODUCT_NAME = "$(TARGET_NAME)";
				SWIFT_VERSION = 5.0;
				TARGETED_DEVICE_FAMILY = "1,2";
			};
			name = Debug;
		};
		A64F45DD25E4E1D500A25654 /* Release */ = {
			isa = XCBuildConfiguration;
			buildSettings = {
				ASSETCATALOG_COMPILER_APPICON_NAME = AppIcon;
				CODE_SIGN_STYLE = Automatic;
				INFOPLIST_FILE = "Let's Read/Info.plist";
				LD_RUNPATH_SEARCH_PATHS = (
					"$(inherited)",
					"@executable_path/Frameworks",
				);
				PRODUCT_BUNDLE_IDENTIFIER = "com.taima.net.Let-s-Read";
				PRODUCT_NAME = "$(TARGET_NAME)";
				SWIFT_VERSION = 5.0;
				TARGETED_DEVICE_FAMILY = "1,2";
			};
			name = Release;
		};
/* End XCBuildConfiguration section */

/* Begin XCConfigurationList section */
		A64F45C225E4E1D200A25654 /* Build configuration list for PBXProject "Let's Read" */ = {
			isa = XCConfigurationList;
			buildConfigurations = (
				A64F45D925E4E1D500A25654 /* Debug */,
				A64F45DA25E4E1D500A25654 /* Release */,
			);
			defaultConfigurationIsVisible = 0;
			defaultConfigurationName = Release;
		};
		A64F45DB25E4E1D500A25654 /* Build configuration list for PBXNativeTarget "Let's Read" */ = {
			isa = XCConfigurationList;
			buildConfigurations = (
				A64F45DC25E4E1D500A25654 /* Debug */,
				A64F45DD25E4E1D500A25654 /* Release */,
			);
			defaultConfigurationIsVisible = 0;
			defaultConfigurationName = Release;
		};
/* End XCConfigurationList section */
	};
	rootObject = A64F45BF25E4E1D200A25654 /* Project object */;
}
